// !$*UTF8*$!
{
	archiveVersion = 1;
	classes = {
	};
	objectVersion = 50;
	objects = {

/* Begin PBXBuildFile section */
		BFE3CFE321253BB700E479A1 /* AppDelegate.swift in Sources */ = {isa = PBXBuildFile; fileRef = BFE3CFE221253BB700E479A1 /* AppDelegate.swift */; };
		BFE3CFE521253BB700E479A1 /* ViewController.swift in Sources */ = {isa = PBXBuildFile; fileRef = BFE3CFE421253BB700E479A1 /* ViewController.swift */; };
		BFE3CFE821253BB700E479A1 /* Main.storyboard in Resources */ = {isa = PBXBuildFile; fileRef = BFE3CFE621253BB700E479A1 /* Main.storyboard */; };
		BFE3CFEA21253BC500E479A1 /* Assets.xcassets in Resources */ = {isa = PBXBuildFile; fileRef = BFE3CFE921253BC500E479A1 /* Assets.xcassets */; };
		BFE3CFED21253BC500E479A1 /* LaunchScreen.storyboard in Resources */ = {isa = PBXBuildFile; fileRef = BFE3CFEB21253BC500E479A1 /* LaunchScreen.storyboard */; };
		BFE3CFF821253BC500E479A1 /* finalTests.swift in Sources */ = {isa = PBXBuildFile; fileRef = BFE3CFF721253BC500E479A1 /* finalTests.swift */; };
		BFE3D00321253BC500E479A1 /* finalUITests.swift in Sources */ = {isa = PBXBuildFile; fileRef = BFE3D00221253BC500E479A1 /* finalUITests.swift */; };
/* End PBXBuildFile section */

/* Begin PBXContainerItemProxy section */
		BFE3CFF421253BC500E479A1 /* PBXContainerItemProxy */ = {
			isa = PBXContainerItemProxy;
			containerPortal = BFE3CFD721253BB700E479A1 /* Project object */;
			proxyType = 1;
			remoteGlobalIDString = BFE3CFDE21253BB700E479A1;
			remoteInfo = final;
		};
		BFE3CFFF21253BC500E479A1 /* PBXContainerItemProxy */ = {
			isa = PBXContainerItemProxy;
			containerPortal = BFE3CFD721253BB700E479A1 /* Project object */;
			proxyType = 1;
			remoteGlobalIDString = BFE3CFDE21253BB700E479A1;
			remoteInfo = final;
		};
/* End PBXContainerItemProxy section */

/* Begin PBXFileReference section */
		BFE3CFDF21253BB700E479A1 /* final.app */ = {isa = PBXFileReference; explicitFileType = wrapper.application; includeInIndex = 0; path = final.app; sourceTree = BUILT_PRODUCTS_DIR; };
		BFE3CFE221253BB700E479A1 /* AppDelegate.swift */ = {isa = PBXFileReference; lastKnownFileType = sourcecode.swift; path = AppDelegate.swift; sourceTree = "<group>"; };
		BFE3CFE421253BB700E479A1 /* ViewController.swift */ = {isa = PBXFileReference; lastKnownFileType = sourcecode.swift; path = ViewController.swift; sourceTree = "<group>"; };
		BFE3CFE721253BB700E479A1 /* Base */ = {isa = PBXFileReference; lastKnownFileType = file.storyboard; name = Base; path = Base.lproj/Main.storyboard; sourceTree = "<group>"; };
		BFE3CFE921253BC500E479A1 /* Assets.xcassets */ = {isa = PBXFileReference; lastKnownFileType = folder.assetcatalog; path = Assets.xcassets; sourceTree = "<group>"; };
		BFE3CFEC21253BC500E479A1 /* Base */ = {isa = PBXFileReference; lastKnownFileType = file.storyboard; name = Base; path = Base.lproj/LaunchScreen.storyboard; sourceTree = "<group>"; };
		BFE3CFEE21253BC500E479A1 /* Info.plist */ = {isa = PBXFileReference; lastKnownFileType = text.plist.xml; path = Info.plist; sourceTree = "<group>"; };
		BFE3CFF321253BC500E479A1 /* finalTests.xctest */ = {isa = PBXFileReference; explicitFileType = wrapper.cfbundle; includeInIndex = 0; path = finalTests.xctest; sourceTree = BUILT_PRODUCTS_DIR; };
		BFE3CFF721253BC500E479A1 /* finalTests.swift */ = {isa = PBXFileReference; lastKnownFileType = sourcecode.swift; path = finalTests.swift; sourceTree = "<group>"; };
		BFE3CFF921253BC500E479A1 /* Info.plist */ = {isa = PBXFileReference; lastKnownFileType = text.plist.xml; path = Info.plist; sourceTree = "<group>"; };
		BFE3CFFE21253BC500E479A1 /* finalUITests.xctest */ = {isa = PBXFileReference; explicitFileType = wrapper.cfbundle; includeInIndex = 0; path = finalUITests.xctest; sourceTree = BUILT_PRODUCTS_DIR; };
		BFE3D00221253BC500E479A1 /* finalUITests.swift */ = {isa = PBXFileReference; lastKnownFileType = sourcecode.swift; path = finalUITests.swift; sourceTree = "<group>"; };
		BFE3D00421253BC500E479A1 /* Info.plist */ = {isa = PBXFileReference; lastKnownFileType = text.plist.xml; path = Info.plist; sourceTree = "<group>"; };
/* End PBXFileReference section */

/* Begin PBXFrameworksBuildPhase section */
		BFE3CFDC21253BB700E479A1 /* Frameworks */ = {
			isa = PBXFrameworksBuildPhase;
			buildActionMask = 2147483647;
			files = (
			);
			runOnlyForDeploymentPostprocessing = 0;
		};
		BFE3CFF021253BC500E479A1 /* Frameworks */ = {
			isa = PBXFrameworksBuildPhase;
			buildActionMask = 2147483647;
			files = (
			);
			runOnlyForDeploymentPostprocessing = 0;
		};
		BFE3CFFB21253BC500E479A1 /* Frameworks */ = {
			isa = PBXFrameworksBuildPhase;
			buildActionMask = 2147483647;
			files = (
			);
			runOnlyForDeploymentPostprocessing = 0;
		};
/* End PBXFrameworksBuildPhase section */

/* Begin PBXGroup section */
		BFE3CFD621253BB700E479A1 = {
			isa = PBXGroup;
			children = (
				BFE3CFE121253BB700E479A1 /* final */,
				BFE3CFF621253BC500E479A1 /* finalTests */,
				BFE3D00121253BC500E479A1 /* finalUITests */,
				BFE3CFE021253BB700E479A1 /* Products */,
			);
			sourceTree = "<group>";
		};
		BFE3CFE021253BB700E479A1 /* Products */ = {
			isa = PBXGroup;
			children = (
				BFE3CFDF21253BB700E479A1 /* final.app */,
				BFE3CFF321253BC500E479A1 /* finalTests.xctest */,
				BFE3CFFE21253BC500E479A1 /* finalUITests.xctest */,
			);
			name = Products;
			sourceTree = "<group>";
		};
		BFE3CFE121253BB700E479A1 /* final */ = {
			isa = PBXGroup;
			children = (
				BFE3CFE221253BB700E479A1 /* AppDelegate.swift */,
				BFE3CFE421253BB700E479A1 /* ViewController.swift */,
				BFE3CFE621253BB700E479A1 /* Main.storyboard */,
				BFE3CFE921253BC500E479A1 /* Assets.xcassets */,
				BFE3CFEB21253BC500E479A1 /* LaunchScreen.storyboard */,
				BFE3CFEE21253BC500E479A1 /* Info.plist */,
			);
			path = final;
			sourceTree = "<group>";
		};
		BFE3CFF621253BC500E479A1 /* finalTests */ = {
			isa = PBXGroup;
			children = (
				BFE3CFF721253BC500E479A1 /* finalTests.swift */,
				BFE3CFF921253BC500E479A1 /* Info.plist */,
			);
			path = finalTests;
			sourceTree = "<group>";
		};
		BFE3D00121253BC500E479A1 /* finalUITests */ = {
			isa = PBXGroup;
			children = (
				BFE3D00221253BC500E479A1 /* finalUITests.swift */,
				BFE3D00421253BC500E479A1 /* Info.plist */,
			);
			path = finalUITests;
			sourceTree = "<group>";
		};
/* End PBXGroup section */

/* Begin PBXNativeTarget section */
		BFE3CFDE21253BB700E479A1 /* final */ = {
			isa = PBXNativeTarget;
			buildConfigurationList = BFE3D00721253BC500E479A1 /* Build configuration list for PBXNativeTarget "final" */;
			buildPhases = (
				BFE3CFDB21253BB700E479A1 /* Sources */,
				BFE3CFDC21253BB700E479A1 /* Frameworks */,
				BFE3CFDD21253BB700E479A1 /* Resources */,
			);
			buildRules = (
			);
			dependencies = (
			);
			name = final;
			productName = final;
			productReference = BFE3CFDF21253BB700E479A1 /* final.app */;
			productType = "com.apple.product-type.application";
		};
		BFE3CFF221253BC500E479A1 /* finalTests */ = {
			isa = PBXNativeTarget;
			buildConfigurationList = BFE3D00A21253BC500E479A1 /* Build configuration list for PBXNativeTarget "finalTests" */;
			buildPhases = (
				BFE3CFEF21253BC500E479A1 /* Sources */,
				BFE3CFF021253BC500E479A1 /* Frameworks */,
				BFE3CFF121253BC500E479A1 /* Resources */,
			);
			buildRules = (
			);
			dependencies = (
				BFE3CFF521253BC500E479A1 /* PBXTargetDependency */,
			);
			name = finalTests;
			productName = finalTests;
			productReference = BFE3CFF321253BC500E479A1 /* finalTests.xctest */;
			productType = "com.apple.product-type.bundle.unit-test";
		};
		BFE3CFFD21253BC500E479A1 /* finalUITests */ = {
			isa = PBXNativeTarget;
			buildConfigurationList = BFE3D00D21253BC500E479A1 /* Build configuration list for PBXNativeTarget "finalUITests" */;
			buildPhases = (
				BFE3CFFA21253BC500E479A1 /* Sources */,
				BFE3CFFB21253BC500E479A1 /* Frameworks */,
				BFE3CFFC21253BC500E479A1 /* Resources */,
			);
			buildRules = (
			);
			dependencies = (
				BFE3D00021253BC500E479A1 /* PBXTargetDependency */,
			);
			name = finalUITests;
			productName = finalUITests;
			productReference = BFE3CFFE21253BC500E479A1 /* finalUITests.xctest */;
			productType = "com.apple.product-type.bundle.ui-testing";
		};
/* End PBXNativeTarget section */

/* Begin PBXProject section */
		BFE3CFD721253BB700E479A1 /* Project object */ = {
			isa = PBXProject;
			attributes = {
				LastSwiftUpdateCheck = 0940;
				LastUpgradeCheck = 0940;
				ORGANIZATIONNAME = "Devinder Suri";
				TargetAttributes = {
					BFE3CFDE21253BB700E479A1 = {
						CreatedOnToolsVersion = 9.4;
					};
					BFE3CFF221253BC500E479A1 = {
						CreatedOnToolsVersion = 9.4;
						TestTargetID = BFE3CFDE21253BB700E479A1;
					};
					BFE3CFFD21253BC500E479A1 = {
						CreatedOnToolsVersion = 9.4;
						TestTargetID = BFE3CFDE21253BB700E479A1;
					};
				};
			};
			buildConfigurationList = BFE3CFDA21253BB700E479A1 /* Build configuration list for PBXProject "final" */;
			compatibilityVersion = "Xcode 9.3";
			developmentRegion = en;
			hasScannedForEncodings = 0;
			knownRegions = (
				en,
				Base,
			);
			mainGroup = BFE3CFD621253BB700E479A1;
			productRefGroup = BFE3CFE021253BB700E479A1 /* Products */;
			projectDirPath = "";
			projectRoot = "";
			targets = (
				BFE3CFDE21253BB700E479A1 /* final */,
				BFE3CFF221253BC500E479A1 /* finalTests */,
				BFE3CFFD21253BC500E479A1 /* finalUITests */,
			);
		};
/* End PBXProject section */

/* Begin PBXResourcesBuildPhase section */
		BFE3CFDD21253BB700E479A1 /* Resources */ = {
			isa = PBXResourcesBuildPhase;
			buildActionMask = 2147483647;
			files = (
				BFE3CFED21253BC500E479A1 /* LaunchScreen.storyboard in Resources */,
				BFE3CFEA21253BC500E479A1 /* Assets.xcassets in Resources */,
				BFE3CFE821253BB700E479A1 /* Main.storyboard in Resources */,
			);
			runOnlyForDeploymentPostprocessing = 0;
		};
		BFE3CFF121253BC500E479A1 /* Resources */ = {
			isa = PBXResourcesBuildPhase;
			buildActionMask = 2147483647;
			files = (
			);
			runOnlyForDeploymentPostprocessing = 0;
		};
		BFE3CFFC21253BC500E479A1 /* Resources */ = {
			isa = PBXResourcesBuildPhase;
			buildActionMask = 2147483647;
			files = (
			);
			runOnlyForDeploymentPostprocessing = 0;
		};
/* End PBXResourcesBuildPhase section */

/* Begin PBXSourcesBuildPhase section */
		BFE3CFDB21253BB700E479A1 /* Sources */ = {
			isa = PBXSourcesBuildPhase;
			buildActionMask = 2147483647;
			files = (
				BFE3CFE521253BB700E479A1 /* ViewController.swift in Sources */,
				BFE3CFE321253BB700E479A1 /* AppDelegate.swift in Sources */,
			);
			runOnlyForDeploymentPostprocessing = 0;
		};
		BFE3CFEF21253BC500E479A1 /* Sources */ = {
			isa = PBXSourcesBuildPhase;
			buildActionMask = 2147483647;
			files = (
				BFE3CFF821253BC500E479A1 /* finalTests.swift in Sources */,
			);
			runOnlyForDeploymentPostprocessing = 0;
		};
		BFE3CFFA21253BC500E479A1 /* Sources */ = {
			isa = PBXSourcesBuildPhase;
			buildActionMask = 2147483647;
			files = (
				BFE3D00321253BC500E479A1 /* finalUITests.swift in Sources */,
			);
			runOnlyForDeploymentPostprocessing = 0;
		};
/* End PBXSourcesBuildPhase section */

/* Begin PBXTargetDependency section */
		BFE3CFF521253BC500E479A1 /* PBXTargetDependency */ = {
			isa = PBXTargetDependency;
			target = BFE3CFDE21253BB700E479A1 /* final */;
			targetProxy = BFE3CFF421253BC500E479A1 /* PBXContainerItemProxy */;
		};
		BFE3D00021253BC500E479A1 /* PBXTargetDependency */ = {
			isa = PBXTargetDependency;
			target = BFE3CFDE21253BB700E479A1 /* final */;
			targetProxy = BFE3CFFF21253BC500E479A1 /* PBXContainerItemProxy */;
		};
/* End PBXTargetDependency section */

/* Begin PBXVariantGroup section */
		BFE3CFE621253BB700E479A1 /* Main.storyboard */ = {
			isa = PBXVariantGroup;
			children = (
				BFE3CFE721253BB700E479A1 /* Base */,
			);
			name = Main.storyboard;
			sourceTree = "<group>";
		};
		BFE3CFEB21253BC500E479A1 /* LaunchScreen.storyboard */ = {
			isa = PBXVariantGroup;
			children = (
				BFE3CFEC21253BC500E479A1 /* Base */,
			);
			name = LaunchScreen.storyboard;
			sourceTree = "<group>";
		};
/* End PBXVariantGroup section */

/* Begin XCBuildConfiguration section */
		BFE3D00521253BC500E479A1 /* Debug */ = {
			isa = XCBuildConfiguration;
			buildSettings = {
				ALWAYS_SEARCH_USER_PATHS = NO;
				CLANG_ANALYZER_NONNULL = YES;
				CLANG_ANALYZER_NUMBER_OBJECT_CONVERSION = YES_AGGRESSIVE;
				CLANG_CXX_LANGUAGE_STANDARD = "gnu++14";
				CLANG_CXX_LIBRARY = "libc++";
				CLANG_ENABLE_MODULES = YES;
				CLANG_ENABLE_OBJC_ARC = YES;
				CLANG_ENABLE_OBJC_WEAK = YES;
				CLANG_WARN_BLOCK_CAPTURE_AUTORELEASING = YES;
				CLANG_WARN_BOOL_CONVERSION = YES;
				CLANG_WARN_COMMA = YES;
				CLANG_WARN_CONSTANT_CONVERSION = YES;
				CLANG_WARN_DEPRECATED_OBJC_IMPLEMENTATIONS = YES;
				CLANG_WARN_DIRECT_OBJC_ISA_USAGE = YES_ERROR;
				CLANG_WARN_DOCUMENTATION_COMMENTS = YES;
				CLANG_WARN_EMPTY_BODY = YES;
				CLANG_WARN_ENUM_CONVERSION = YES;
				CLANG_WARN_INFINITE_RECURSION = YES;
				CLANG_WARN_INT_CONVERSION = YES;
				CLANG_WARN_NON_LITERAL_NULL_CONVERSION = YES;
				CLANG_WARN_OBJC_IMPLICIT_RETAIN_SELF = YES;
				CLANG_WARN_OBJC_LITERAL_CONVERSION = YES;
				CLANG_WARN_OBJC_ROOT_CLASS = YES_ERROR;
				CLANG_WARN_RANGE_LOOP_ANALYSIS = YES;
				CLANG_WARN_STRICT_PROTOTYPES = YES;
				CLANG_WARN_SUSPICIOUS_MOVE = YES;
				CLANG_WARN_UNGUARDED_AVAILABILITY = YES_AGGRESSIVE;
				CLANG_WARN_UNREACHABLE_CODE = YES;
				CLANG_WARN__DUPLICATE_METHOD_MATCH = YES;
				CODE_SIGN_IDENTITY = "iPhone Developer";
				COPY_PHASE_STRIP = NO;
				DEBUG_INFORMATION_FORMAT = dwarf;
				ENABLE_STRICT_OBJC_MSGSEND = YES;
				ENABLE_TESTABILITY = YES;
				GCC_C_LANGUAGE_STANDARD = gnu11;
				GCC_DYNAMIC_NO_PIC = NO;
				GCC_NO_COMMON_BLOCKS = YES;
				GCC_OPTIMIZATION_LEVEL = 0;
				GCC_PREPROCESSOR_DEFINITIONS = (
					"DEBUG=1",
					"$(inherited)",
				);
				GCC_WARN_64_TO_32_BIT_CONVERSION = YES;
				GCC_WARN_ABOUT_RETURN_TYPE = YES_ERROR;
				GCC_WARN_UNDECLARED_SELECTOR = YES;
				GCC_WARN_UNINITIALIZED_AUTOS = YES_AGGRESSIVE;
				GCC_WARN_UNUSED_FUNCTION = YES;
				GCC_WARN_UNUSED_VARIABLE = YES;
				IPHONEOS_DEPLOYMENT_TARGET = 11.4;
				MTL_ENABLE_DEBUG_INFO = YES;
				ONLY_ACTIVE_ARCH = YES;
				SDKROOT = iphoneos;
				SWIFT_ACTIVE_COMPILATION_CONDITIONS = DEBUG;
				SWIFT_OPTIMIZATION_LEVEL = "-Onone";
			};
			name = Debug;
		};
		BFE3D00621253BC500E479A1 /* Release */ = {
			isa = XCBuildConfiguration;
			buildSettings = {
				ALWAYS_SEARCH_USER_PATHS = NO;
				CLANG_ANALYZER_NONNULL = YES;
				CLANG_ANALYZER_NUMBER_OBJECT_CONVERSION = YES_AGGRESSIVE;
				CLANG_CXX_LANGUAGE_STANDARD = "gnu++14";
				CLANG_CXX_LIBRARY = "libc++";
				CLANG_ENABLE_MODULES = YES;
				CLANG_ENABLE_OBJC_ARC = YES;
				CLANG_ENABLE_OBJC_WEAK = YES;
				CLANG_WARN_BLOCK_CAPTURE_AUTORELEASING = YES;
				CLANG_WARN_BOOL_CONVERSION = YES;
				CLANG_WARN_COMMA = YES;
				CLANG_WARN_CONSTANT_CONVERSION = YES;
				CLANG_WARN_DEPRECATED_OBJC_IMPLEMENTATIONS = YES;
				CLANG_WARN_DIRECT_OBJC_ISA_USAGE = YES_ERROR;
				CLANG_WARN_DOCUMENTATION_COMMENTS = YES;
				CLANG_WARN_EMPTY_BODY = YES;
				CLANG_WARN_ENUM_CONVERSION = YES;
				CLANG_WARN_INFINITE_RECURSION = YES;
				CLANG_WARN_INT_CONVERSION = YES;
				CLANG_WARN_NON_LITERAL_NULL_CONVERSION = YES;
				CLANG_WARN_OBJC_IMPLICIT_RETAIN_SELF = YES;
				CLANG_WARN_OBJC_LITERAL_CONVERSION = YES;
				CLANG_WARN_OBJC_ROOT_CLASS = YES_ERROR;
				CLANG_WARN_RANGE_LOOP_ANALYSIS = YES;
				CLANG_WARN_STRICT_PROTOTYPES = YES;
				CLANG_WARN_SUSPICIOUS_MOVE = YES;
				CLANG_WARN_UNGUARDED_AVAILABILITY = YES_AGGRESSIVE;
				CLANG_WARN_UNREACHABLE_CODE = YES;
				CLANG_WARN__DUPLICATE_METHOD_MATCH = YES;
				CODE_SIGN_IDENTITY = "iPhone Developer";
				COPY_PHASE_STRIP = NO;
				DEBUG_INFORMATION_FORMAT = "dwarf-with-dsym";
				ENABLE_NS_ASSERTIONS = NO;
				ENABLE_STRICT_OBJC_MSGSEND = YES;
				GCC_C_LANGUAGE_STANDARD = gnu11;
				GCC_NO_COMMON_BLOCKS = YES;
				GCC_WARN_64_TO_32_BIT_CONVERSION = YES;
				GCC_WARN_ABOUT_RETURN_TYPE = YES_ERROR;
				GCC_WARN_UNDECLARED_SELECTOR = YES;
				GCC_WARN_UNINITIALIZED_AUTOS = YES_AGGRESSIVE;
				GCC_WARN_UNUSED_FUNCTION = YES;
				GCC_WARN_UNUSED_VARIABLE = YES;
				IPHONEOS_DEPLOYMENT_TARGET = 11.4;
				MTL_ENABLE_DEBUG_INFO = NO;
				SDKROOT = iphoneos;
				SWIFT_COMPILATION_MODE = wholemodule;
				SWIFT_OPTIMIZATION_LEVEL = "-O";
				VALIDATE_PRODUCT = YES;
			};
			name = Release;
		};
		BFE3D00821253BC500E479A1 /* Debug */ = {
			isa = XCBuildConfiguration;
			buildSettings = {
				ASSETCATALOG_COMPILER_APPICON_NAME = AppIcon;
				CODE_SIGN_STYLE = Automatic;
				DEVELOPMENT_TEAM = 4CYMJA762C;
				INFOPLIST_FILE = final/Info.plist;
				LD_RUNPATH_SEARCH_PATHS = (
					"$(inherited)",
					"@executable_path/Frameworks",
				);
				PRODUCT_BUNDLE_IDENTIFIER = com.sapient.mobile.cargill.final;
				PRODUCT_NAME = "$(TARGET_NAME)";
				SWIFT_VERSION = 4.0;
				TARGETED_DEVICE_FAMILY = "1,2";
			};
			name = Debug;
		};
		BFE3D00921253BC500E479A1 /* Release */ = {
			isa = XCBuildConfiguration;
			buildSettings = {
				ASSETCATALOG_COMPILER_APPICON_NAME = AppIcon;
				CODE_SIGN_STYLE = Automatic;
				DEVELOPMENT_TEAM = 4CYMJA762C;
				INFOPLIST_FILE = final/Info.plist;
				LD_RUNPATH_SEARCH_PATHS = (
					"$(inherited)",
					"@executable_path/Frameworks",
				);
				PRODUCT_BUNDLE_IDENTIFIER = com.sapient.mobile.cargill.final;
				PRODUCT_NAME = "$(TARGET_NAME)";
				SWIFT_VERSION = 4.0;
				TARGETED_DEVICE_FAMILY = "1,2";
			};
			name = Release;
		};
		BFE3D00B21253BC500E479A1 /* Debug */ = {
			isa = XCBuildConfiguration;
			buildSettings = {
				ALWAYS_EMBED_SWIFT_STANDARD_LIBRARIES = YES;
				BUNDLE_LOADER = "$(TEST_HOST)";
				CODE_SIGN_STYLE = Automatic;
				DEVELOPMENT_TEAM = 4CYMJA762C;
				INFOPLIST_FILE = finalTests/Info.plist;
				LD_RUNPATH_SEARCH_PATHS = (
					"$(inherited)",
					"@executable_path/Frameworks",
					"@loader_path/Frameworks",
				);
				PRODUCT_BUNDLE_IDENTIFIER = com.sapient.mobile.cargill.finalTests;
				PRODUCT_NAME = "$(TARGET_NAME)";
				SWIFT_VERSION = 4.0;
				TARGETED_DEVICE_FAMILY = "1,2";
				TEST_HOST = "$(BUILT_PRODUCTS_DIR)/final.app/final";
			};
			name = Debug;
		};
		BFE3D00C21253BC500E479A1 /* Release */ = {
			isa = XCBuildConfiguration;
			buildSettings = {
				ALWAYS_EMBED_SWIFT_STANDARD_LIBRARIES = YES;
				BUNDLE_LOADER = "$(TEST_HOST)";
				CODE_SIGN_STYLE = Automatic;
				DEVELOPMENT_TEAM = 4CYMJA762C;
				INFOPLIST_FILE = finalTests/Info.plist;
				LD_RUNPATH_SEARCH_PATHS = (
					"$(inherited)",
					"@executable_path/Frameworks",
					"@loader_path/Frameworks",
				);
				PRODUCT_BUNDLE_IDENTIFIER = com.sapient.mobile.cargill.finalTests;
				PRODUCT_NAME = "$(TARGET_NAME)";
				SWIFT_VERSION = 4.0;
				TARGETED_DEVICE_FAMILY = "1,2";
				TEST_HOST = "$(BUILT_PRODUCTS_DIR)/final.app/final";
			};
			name = Release;
		};
		BFE3D00E21253BC500E479A1 /* Debug */ = {
			isa = XCBuildConfiguration;
			buildSettings = {
				ALWAYS_EMBED_SWIFT_STANDARD_LIBRARIES = YES;
				CODE_SIGN_STYLE = Automatic;
				DEVELOPMENT_TEAM = 4CYMJA762C;
				INFOPLIST_FILE = finalUITests/Info.plist;
				LD_RUNPATH_SEARCH_PATHS = (
					"$(inherited)",
					"@executable_path/Frameworks",
					"@loader_path/Frameworks",
				);
				PRODUCT_BUNDLE_IDENTIFIER = com.sapient.mobile.cargill.finalUITests;
				PRODUCT_NAME = "$(TARGET_NAME)";
				SWIFT_VERSION = 4.0;
				TARGETED_DEVICE_FAMILY = "1,2";
				TEST_TARGET_NAME = final;
			};
			name = Debug;
		};
		BFE3D00F21253BC500E479A1 /* Release */ = {
			isa = XCBuildConfiguration;
			buildSettings = {
				ALWAYS_EMBED_SWIFT_STANDARD_LIBRARIES = YES;
				CODE_SIGN_STYLE = Automatic;
				DEVELOPMENT_TEAM = 4CYMJA762C;
				INFOPLIST_FILE = finalUITests/Info.plist;
				LD_RUNPATH_SEARCH_PATHS = (
					"$(inherited)",
					"@executable_path/Frameworks",
					"@loader_path/Frameworks",
				);
				PRODUCT_BUNDLE_IDENTIFIER = com.sapient.mobile.cargill.finalUITests;
				PRODUCT_NAME = "$(TARGET_NAME)";
				SWIFT_VERSION = 4.0;
				TARGETED_DEVICE_FAMILY = "1,2";
				TEST_TARGET_NAME = final;
			};
			name = Release;
		};
/* End XCBuildConfiguration section */

/* Begin XCConfigurationList section */
		BFE3CFDA21253BB700E479A1 /* Build configuration list for PBXProject "final" */ = {
			isa = XCConfigurationList;
			buildConfigurations = (
				BFE3D00521253BC500E479A1 /* Debug */,
				BFE3D00621253BC500E479A1 /* Release */,
			);
			defaultConfigurationIsVisible = 0;
			defaultConfigurationName = Release;
		};
		BFE3D00721253BC500E479A1 /* Build configuration list for PBXNativeTarget "final" */ = {
			isa = XCConfigurationList;
			buildConfigurations = (
				BFE3D00821253BC500E479A1 /* Debug */,
				BFE3D00921253BC500E479A1 /* Release */,
			);
			defaultConfigurationIsVisible = 0;
			defaultConfigurationName = Release;
		};
		BFE3D00A21253BC500E479A1 /* Build configuration list for PBXNativeTarget "finalTests" */ = {
			isa = XCConfigurationList;
			buildConfigurations = (
				BFE3D00B21253BC500E479A1 /* Debug */,
				BFE3D00C21253BC500E479A1 /* Release */,
			);
			defaultConfigurationIsVisible = 0;
			defaultConfigurationName = Release;
		};
		BFE3D00D21253BC500E479A1 /* Build configuration list for PBXNativeTarget "finalUITests" */ = {
			isa = XCConfigurationList;
			buildConfigurations = (
				BFE3D00E21253BC500E479A1 /* Debug */,
				BFE3D00F21253BC500E479A1 /* Release */,
			);
			defaultConfigurationIsVisible = 0;
			defaultConfigurationName = Release;
		};
/* End XCConfigurationList section */
	};
	rootObject = BFE3CFD721253BB700E479A1 /* Project object */;
}
